
Microsoft Visual Studio Solution File, Format Version 12.00
# Visual Studio Version 17
VisualStudioVersion = 17.14.36930.0
MinimumVisualStudioVersion = 10.0.40219.1
Project("{FAE04EC0-301F-11D3-BF4B-00C04F79EFBC}") = "PlanetExplorer", "PlanetExplorer.csproj", "{2C91B17C-00A9-402D-A4EA-43EF4C694ECD}"
EndProject
Project("{2150E333-8FDC-42A3-9474-1A3956D46DE8}") = "Solution Items", "Solution Items", "{8EC462FD-D22E-90A8-E5CE-7E832BA40C5D}"
EndProject
Global
	GlobalSection(SolutionConfigurationPlatforms) = preSolution
		Debug|Any CPU = Debug|Any CPU
		Release|Any CPU = Release|Any CPU
	EndGlobalSection
	GlobalSection(ProjectConfigurationPlatforms) = postSolution
		{2C91B17C-00A9-402D-A4EA-43EF4C694ECD}.Debug|Any CPU.ActiveCfg = Debug|Any CPU
		{2C91B17C-00A9-402D-A4EA-43EF4C694ECD}.Debug|Any CPU.Build.0 = Debug|Any CPU
		{2C91B17C-00A9-402D-A4EA-43EF4C694ECD}.Release|Any CPU.ActiveCfg = Release|Any CPU
		{2C91B17C-00A9-402D-A4EA-43EF4C694ECD}.Release|Any CPU.Build.0 = Release|Any CPU
	EndGlobalSection
	GlobalSection(SolutionProperties) = preSolution
		HideSolutionNode = FALSE
	EndGlobalSection
	GlobalSection(ExtensibilityGlobals) = postSolution
		SolutionGuid = {DC83E442-ECC2-4C5C-A7B2-29F5DD33E516}
	EndGlobalSection
EndGlobal
